
Microsoft Visual Studio Solution File, Format Version 12.00
# Visual Studio 15
VisualStudioVersion = 15.0.28307.271
MinimumVisualStudioVersion = 10.0.40219.1
Project("{FAE04EC0-301F-11D3-BF4B-00C04F79EFBC}") = "PrpicBartoComboBox", "PrpicBartoComboBox\PrpicBartoComboBox.csproj", "{3517DD3D-E982-4E8E-9005-E470E0C61C64}"
EndProject
Global
	GlobalSection(SolutionConfigurationPlatforms) = preSolution
		Debug|Any CPU = Debug|Any CPU
		Release|Any CPU = Release|Any CPU
	EndGlobalSection
	GlobalSection(ProjectConfigurationPlatforms) = postSolution
		{3517DD3D-E982-4E8E-9005-E470E0C61C64}.Debug|Any CPU.ActiveCfg = Debug|Any CPU
		{3517DD3D-E982-4E8E-9005-E470E0C61C64}.Debug|Any CPU.Build.0 = Debug|Any CPU
		{3517DD3D-E982-4E8E-9005-E470E0C61C64}.Release|Any CPU.ActiveCfg = Release|Any CPU
		{3517DD3D-E982-4E8E-9005-E470E0C61C64}.Release|Any CPU.Build.0 = Release|Any CPU
	EndGlobalSection
	GlobalSection(SolutionProperties) = preSolution
		HideSolutionNode = FALSE
	EndGlobalSection
	GlobalSection(ExtensibilityGlobals) = postSolution
		SolutionGuid = {913D16FC-0B64-482D-B9E1-8A72A7A2F5E4}
	EndGlobalSection
EndGlobal
